
Microsoft Visual Studio Solution File, Format Version 12.00
# Visual Studio Version 16
VisualStudioVersion = 16.0.31019.35
MinimumVisualStudioVersion = 10.0.40219.1
Project("{FAE04EC0-301F-11D3-BF4B-00C04F79EFBC}") = "DevCars.API", "DevCars.API\DevCars.API.csproj", "{AF6CA2DD-BC59-4939-A436-1141D120D45A}"
EndProject
Global
	GlobalSection(SolutionConfigurationPlatforms) = preSolution
		Debug|Any CPU = Debug|Any CPU
		Release|Any CPU = Release|Any CPU
	EndGlobalSection
	GlobalSection(ProjectConfigurationPlatforms) = postSolution
		{AF6CA2DD-BC59-4939-A436-1141D120D45A}.Debug|Any CPU.ActiveCfg = Debug|Any CPU
		{AF6CA2DD-BC59-4939-A436-1141D120D45A}.Debug|Any CPU.Build.0 = Debug|Any CPU
		{AF6CA2DD-BC59-4939-A436-1141D120D45A}.Release|Any CPU.ActiveCfg = Release|Any CPU
		{AF6CA2DD-BC59-4939-A436-1141D120D45A}.Release|Any CPU.Build.0 = Release|Any CPU
	EndGlobalSection
	GlobalSection(SolutionProperties) = preSolution
		HideSolutionNode = FALSE
	EndGlobalSection
	GlobalSection(ExtensibilityGlobals) = postSolution
		SolutionGuid = {29E6FB32-0107-46AD-83A8-7AC6FAA65A14}
	EndGlobalSection
EndGlobal
